// !$*UTF8*$!
{
	archiveVersion = 1;
	classes = {
	};
	objectVersion = 46;
	objects = {

/* Begin PBXBuildFile section */
		33461AE31F26C6DC0094D72D /* MasterViewController.swift in Sources */ = {isa = PBXBuildFile; fileRef = 33461AE21F26C6DC0094D72D /* MasterViewController.swift */; };
		33461AE51F26C6DC0094D72D /* DetailViewController.swift in Sources */ = {isa = PBXBuildFile; fileRef = 33461AE41F26C6DC0094D72D /* DetailViewController.swift */; };
		33461AE81F26C6DC0094D72D /* Main.storyboard in Resources */ = {isa = PBXBuildFile; fileRef = 33461AE61F26C6DC0094D72D /* Main.storyboard */; };
		33461AEA1F26C6DC0094D72D /* Assets.xcassets in Resources */ = {isa = PBXBuildFile; fileRef = 33461AE91F26C6DC0094D72D /* Assets.xcassets */; };
		33461AED1F26C6DC0094D72D /* LaunchScreen.storyboard in Resources */ = {isa = PBXBuildFile; fileRef = 33461AEB1F26C6DC0094D72D /* LaunchScreen.storyboard */; };
		33461AF81F26C6DC0094D72D /* First_partTests.swift in Sources */ = {isa = PBXBuildFile; fileRef = 33461AF71F26C6DC0094D72D /* First_partTests.swift */; };
		33461B031F26C6DC0094D72D /* First_partUITests.swift in Sources */ = {isa = PBXBuildFile; fileRef = 33461B021F26C6DC0094D72D /* First_partUITests.swift */; };
		33983AA41F2BB16500EB04D9 /* AssignmentViewController.swift in Sources */ = {isa = PBXBuildFile; fileRef = 33983AA31F2BB16500EB04D9 /* AssignmentViewController.swift */; };
		78ACD44121545992009B2788 /* Model in Resources */ = {isa = PBXBuildFile; fileRef = 78ACD44021545991009B2788 /* Model */; };
		78ACD4432154599D009B2788 /* View in Resources */ = {isa = PBXBuildFile; fileRef = 78ACD4422154599D009B2788 /* View */; };
/* End PBXBuildFile section */

/* Begin PBXContainerItemProxy section */
		33461AF41F26C6DC0094D72D /* PBXContainerItemProxy */ = {
			isa = PBXContainerItemProxy;
			containerPortal = 33461AD51F26C6DC0094D72D /* Project object */;
			proxyType = 1;
			remoteGlobalIDString = 33461ADC1F26C6DC0094D72D;
			remoteInfo = "First part";
		};
		33461AFF1F26C6DC0094D72D /* PBXContainerItemProxy */ = {
			isa = PBXContainerItemProxy;
			containerPortal = 33461AD51F26C6DC0094D72D /* Project object */;
			proxyType = 1;
			remoteGlobalIDString = 33461ADC1F26C6DC0094D72D;
			remoteInfo = "First part";
		};
/* End PBXContainerItemProxy section */

/* Begin PBXFileReference section */
		33461ADD1F26C6DC0094D72D /* First part.app */ = {isa = PBXFileReference; explicitFileType = wrapper.application; includeInIndex = 0; path = "First part.app"; sourceTree = BUILT_PRODUCTS_DIR; };
		33461AE21F26C6DC0094D72D /* MasterViewController.swift */ = {isa = PBXFileReference; lastKnownFileType = sourcecode.swift; lineEnding = 0; path = MasterViewController.swift; sourceTree = "<group>"; xcLanguageSpecificationIdentifier = xcode.lang.swift; };
		33461AE41F26C6DC0094D72D /* DetailViewController.swift */ = {isa = PBXFileReference; lastKnownFileType = sourcecode.swift; lineEnding = 0; path = DetailViewController.swift; sourceTree = "<group>"; xcLanguageSpecificationIdentifier = xcode.lang.swift; };
		33461AE71F26C6DC0094D72D /* Base */ = {isa = PBXFileReference; lastKnownFileType = file.storyboard; name = Base; path = Base.lproj/Main.storyboard; sourceTree = "<group>"; };
		33461AE91F26C6DC0094D72D /* Assets.xcassets */ = {isa = PBXFileReference; lastKnownFileType = folder.assetcatalog; path = Assets.xcassets; sourceTree = "<group>"; };
		33461AEC1F26C6DC0094D72D /* Base */ = {isa = PBXFileReference; lastKnownFileType = file.storyboard; name = Base; path = Base.lproj/LaunchScreen.storyboard; sourceTree = "<group>"; };
		33461AEE1F26C6DC0094D72D /* Info.plist */ = {isa = PBXFileReference; lastKnownFileType = text.plist.xml; path = Info.plist; sourceTree = "<group>"; };
		33461AF31F26C6DC0094D72D /* First partTests.xctest */ = {isa = PBXFileReference; explicitFileType = wrapper.cfbundle; includeInIndex = 0; path = "First partTests.xctest"; sourceTree = BUILT_PRODUCTS_DIR; };
		33461AF71F26C6DC0094D72D /* First_partTests.swift */ = {isa = PBXFileReference; lastKnownFileType = sourcecode.swift; path = First_partTests.swift; sourceTree = "<group>"; };
		33461AF91F26C6DC0094D72D /* Info.plist */ = {isa = PBXFileReference; lastKnownFileType = text.plist.xml; path = Info.plist; sourceTree = "<group>"; };
		33461AFE1F26C6DC0094D72D /* First partUITests.xctest */ = {isa = PBXFileReference; explicitFileType = wrapper.cfbundle; includeInIndex = 0; path = "First partUITests.xctest"; sourceTree = BUILT_PRODUCTS_DIR; };
		33461B021F26C6DC0094D72D /* First_partUITests.swift */ = {isa = PBXFileReference; lastKnownFileType = sourcecode.swift; lineEnding = 0; path = First_partUITests.swift; sourceTree = "<group>"; xcLanguageSpecificationIdentifier = xcode.lang.swift; };
		33461B041F26C6DC0094D72D /* Info.plist */ = {isa = PBXFileReference; lastKnownFileType = text.plist.xml; path = Info.plist; sourceTree = "<group>"; };
		33983AA31F2BB16500EB04D9 /* AssignmentViewController.swift */ = {isa = PBXFileReference; fileEncoding = 4; lastKnownFileType = sourcecode.swift; lineEnding = 0; path = AssignmentViewController.swift; sourceTree = "<group>"; xcLanguageSpecificationIdentifier = xcode.lang.swift; };
		78ACD44021545991009B2788 /* Model */ = {isa = PBXFileReference; lastKnownFileType = folder; path = Model; sourceTree = "<group>"; };
		78ACD4422154599D009B2788 /* View */ = {isa = PBXFileReference; lastKnownFileType = folder; path = View; sourceTree = "<group>"; };
/* End PBXFileReference section */

/* Begin PBXFrameworksBuildPhase section */
		33461ADA1F26C6DC0094D72D /* Frameworks */ = {
			isa = PBXFrameworksBuildPhase;
			buildActionMask = 2147483647;
			files = (
			);
			runOnlyForDeploymentPostprocessing = 0;
		};
		33461AF01F26C6DC0094D72D /* Frameworks */ = {
			isa = PBXFrameworksBuildPhase;
			buildActionMask = 2147483647;
			files = (
			);
			runOnlyForDeploymentPostprocessing = 0;
		};
		33461AFB1F26C6DC0094D72D /* Frameworks */ = {
			isa = PBXFrameworksBuildPhase;
			buildActionMask = 2147483647;
			files = (
			);
			runOnlyForDeploymentPostprocessing = 0;
		};
/* End PBXFrameworksBuildPhase section */

/* Begin PBXGroup section */
		33461AD41F26C6DC0094D72D = {
			isa = PBXGroup;
			children = (
				33461ADF1F26C6DC0094D72D /* First part */,
				33461AF61F26C6DC0094D72D /* First partTests */,
				33461B011F26C6DC0094D72D /* First partUITests */,
				33461ADE1F26C6DC0094D72D /* Products */,
			);
			sourceTree = "<group>";
		};
		33461ADE1F26C6DC0094D72D /* Products */ = {
			isa = PBXGroup;
			children = (
				33461ADD1F26C6DC0094D72D /* First part.app */,
				33461AF31F26C6DC0094D72D /* First partTests.xctest */,
				33461AFE1F26C6DC0094D72D /* First partUITests.xctest */,
			);
			name = Products;
			sourceTree = "<group>";
		};
		33461ADF1F26C6DC0094D72D /* First part */ = {
			isa = PBXGroup;
			children = (
				78ACD44021545991009B2788 /* Model */,
				78ACD444215459B5009B2788 /* Control */,
				78ACD4422154599D009B2788 /* View */,
				33461AE61F26C6DC0094D72D /* Main.storyboard */,
				33461AE91F26C6DC0094D72D /* Assets.xcassets */,
				33461AEB1F26C6DC0094D72D /* LaunchScreen.storyboard */,
				33461AEE1F26C6DC0094D72D /* Info.plist */,
			);
			path = "First part";
			sourceTree = "<group>";
		};
		33461AF61F26C6DC0094D72D /* First partTests */ = {
			isa = PBXGroup;
			children = (
				33461AF71F26C6DC0094D72D /* First_partTests.swift */,
				33461AF91F26C6DC0094D72D /* Info.plist */,
			);
			path = "First partTests";
			sourceTree = "<group>";
		};
		33461B011F26C6DC0094D72D /* First partUITests */ = {
			isa = PBXGroup;
			children = (
				33461B021F26C6DC0094D72D /* First_partUITests.swift */,
				33461B041F26C6DC0094D72D /* Info.plist */,
			);
			path = "First partUITests";
			sourceTree = "<group>";
		};
		78ACD444215459B5009B2788 /* Control */ = {
			isa = PBXGroup;
			children = (
				33983AA31F2BB16500EB04D9 /* AssignmentViewController.swift */,
				33461AE41F26C6DC0094D72D /* DetailViewController.swift */,
				33461AE21F26C6DC0094D72D /* MasterViewController.swift */,
			);
			path = Control;
			sourceTree = "<group>";
		};
/* End PBXGroup section */

/* Begin PBXNativeTarget section */
		33461ADC1F26C6DC0094D72D /* First part */ = {
			isa = PBXNativeTarget;
			buildConfigurationList = 33461B071F26C6DC0094D72D /* Build configuration list for PBXNativeTarget "First part" */;
			buildPhases = (
				33461AD91F26C6DC0094D72D /* Sources */,
				33461ADA1F26C6DC0094D72D /* Frameworks */,
				33461ADB1F26C6DC0094D72D /* Resources */,
			);
			buildRules = (
			);
			dependencies = (
			);
			name = "First part";
			productName = "First part";
			productReference = 33461ADD1F26C6DC0094D72D /* First part.app */;
			productType = "com.apple.product-type.application";
		};
		33461AF21F26C6DC0094D72D /* First partTests */ = {
			isa = PBXNativeTarget;
			buildConfigurationList = 33461B0A1F26C6DC0094D72D /* Build configuration list for PBXNativeTarget "First partTests" */;
			buildPhases = (
				33461AEF1F26C6DC0094D72D /* Sources */,
				33461AF01F26C6DC0094D72D /* Frameworks */,
				33461AF11F26C6DC0094D72D /* Resources */,
			);
			buildRules = (
			);
			dependencies = (
				33461AF51F26C6DC0094D72D /* PBXTargetDependency */,
			);
			name = "First partTests";
			productName = "First partTests";
			productReference = 33461AF31F26C6DC0094D72D /* First partTests.xctest */;
			productType = "com.apple.product-type.bundle.unit-test";
		};
		33461AFD1F26C6DC0094D72D /* First partUITests */ = {
			isa = PBXNativeTarget;
			buildConfigurationList = 33461B0D1F26C6DC0094D72D /* Build configuration list for PBXNativeTarget "First partUITests" */;
			buildPhases = (
				33461AFA1F26C6DC0094D72D /* Sources */,
				33461AFB1F26C6DC0094D72D /* Frameworks */,
				33461AFC1F26C6DC0094D72D /* Resources */,
			);
			buildRules = (
			);
			dependencies = (
				33461B001F26C6DC0094D72D /* PBXTargetDependency */,
			);
			name = "First partUITests";
			productName = "First partUITests";
			productReference = 33461AFE1F26C6DC0094D72D /* First partUITests.xctest */;
			productType = "com.apple.product-type.bundle.ui-testing";
		};
/* End PBXNativeTarget section */

/* Begin PBXProject section */
		33461AD51F26C6DC0094D72D /* Project object */ = {
			isa = PBXProject;
			attributes = {
				LastSwiftUpdateCheck = 0830;
				LastUpgradeCheck = 0920;
				ORGANIZATIONNAME = "Sqad Family";
				TargetAttributes = {
					33461ADC1F26C6DC0094D72D = {
						CreatedOnToolsVersion = 8.3.3;
						DevelopmentTeam = R22TDN5S64;
						LastSwiftMigration = 0920;
						ProvisioningStyle = Automatic;
					};
					33461AF21F26C6DC0094D72D = {
						CreatedOnToolsVersion = 8.3.3;
						LastSwiftMigration = 0920;
						ProvisioningStyle = Automatic;
						TestTargetID = 33461ADC1F26C6DC0094D72D;
					};
					33461AFD1F26C6DC0094D72D = {
						CreatedOnToolsVersion = 8.3.3;
						LastSwiftMigration = 0920;
						ProvisioningStyle = Automatic;
						TestTargetID = 33461ADC1F26C6DC0094D72D;
					};
				};
			};
			buildConfigurationList = 33461AD81F26C6DC0094D72D /* Build configuration list for PBXProject "First part" */;
			compatibilityVersion = "Xcode 3.2";
			developmentRegion = English;
			hasScannedForEncodings = 0;
			knownRegions = (
				en,
				Base,
			);
			mainGroup = 33461AD41F26C6DC0094D72D;
			productRefGroup = 33461ADE1F26C6DC0094D72D /* Products */;
			projectDirPath = "";
			projectRoot = "";
			targets = (
				33461ADC1F26C6DC0094D72D /* First part */,
				33461AF21F26C6DC0094D72D /* First partTests */,
				33461AFD1F26C6DC0094D72D /* First partUITests */,
			);
		};
/* End PBXProject section */

/* Begin PBXResourcesBuildPhase section */
		33461ADB1F26C6DC0094D72D /* Resources */ = {
			isa = PBXResourcesBuildPhase;
			buildActionMask = 2147483647;
			files = (
				78ACD44121545992009B2788 /* Model in Resources */,
				33461AED1F26C6DC0094D72D /* LaunchScreen.storyboard in Resources */,
				33461AEA1F26C6DC0094D72D /* Assets.xcassets in Resources */,
				33461AE81F26C6DC0094D72D /* Main.storyboard in Resources */,
				78ACD4432154599D009B2788 /* View in Resources */,
			);
			runOnlyForDeploymentPostprocessing = 0;
		};
		33461AF11F26C6DC0094D72D /* Resources */ = {
			isa = PBXResourcesBuildPhase;
			buildActionMask = 2147483647;
			files = (
			);
			runOnlyForDeploymentPostprocessing = 0;
		};
		33461AFC1F26C6DC0094D72D /* Resources */ = {
			isa = PBXResourcesBuildPhase;
			buildActionMask = 2147483647;
			files = (
			);
			runOnlyForDeploymentPostprocessing = 0;
		};
/* End PBXResourcesBuildPhase section */

/* Begin PBXSourcesBuildPhase section */
		33461AD91F26C6DC0094D72D /* Sources */ = {
			isa = PBXSourcesBuildPhase;
			buildActionMask = 2147483647;
			files = (
				33461AE51F26C6DC0094D72D /* DetailViewController.swift in Sources */,
				33461AE31F26C6DC0094D72D /* MasterViewController.swift in Sources */,
				33983AA41F2BB16500EB04D9 /* AssignmentViewController.swift in Sources */,
			);
			runOnlyForDeploymentPostprocessing = 0;
		};
		33461AEF1F26C6DC0094D72D /* Sources */ = {
			isa = PBXSourcesBuildPhase;
			buildActionMask = 2147483647;
			files = (
				33461AF81F26C6DC0094D72D /* First_partTests.swift in Sources */,
			);
			runOnlyForDeploymentPostprocessing = 0;
		};
		33461AFA1F26C6DC0094D72D /* Sources */ = {
			isa = PBXSourcesBuildPhase;
			buildActionMask = 2147483647;
			files = (
				33461B031F26C6DC0094D72D /* First_partUITests.swift in Sources */,
			);
			runOnlyForDeploymentPostprocessing = 0;
		};
/* End PBXSourcesBuildPhase section */

/* Begin PBXTargetDependency section */
		33461AF51F26C6DC0094D72D /* PBXTargetDependency */ = {
			isa = PBXTargetDependency;
			target = 33461ADC1F26C6DC0094D72D /* First part */;
			targetProxy = 33461AF41F26C6DC0094D72D /* PBXContainerItemProxy */;
		};
		33461B001F26C6DC0094D72D /* PBXTargetDependency */ = {
			isa = PBXTargetDependency;
			target = 33461ADC1F26C6DC0094D72D /* First part */;
			targetProxy = 33461AFF1F26C6DC0094D72D /* PBXContainerItemProxy */;
		};
/* End PBXTargetDependency section */

/* Begin PBXVariantGroup section */
		33461AE61F26C6DC0094D72D /* Main.storyboard */ = {
			isa = PBXVariantGroup;
			children = (
				33461AE71F26C6DC0094D72D /* Base */,
			);
			name = Main.storyboard;
			sourceTree = "<group>";
		};
		33461AEB1F26C6DC0094D72D /* LaunchScreen.storyboard */ = {
			isa = PBXVariantGroup;
			children = (
				33461AEC1F26C6DC0094D72D /* Base */,
			);
			name = LaunchScreen.storyboard;
			sourceTree = "<group>";
		};
/* End PBXVariantGroup section */

/* Begin XCBuildConfiguration section */
		33461B051F26C6DC0094D72D /* Debug */ = {
			isa = XCBuildConfiguration;
			buildSettings = {
				ALWAYS_SEARCH_USER_PATHS = NO;
				CLANG_ANALYZER_NONNULL = YES;
				CLANG_ANALYZER_NUMBER_OBJECT_CONVERSION = YES_AGGRESSIVE;
				CLANG_CXX_LANGUAGE_STANDARD = "gnu++0x";
				CLANG_CXX_LIBRARY = "libc++";
				CLANG_ENABLE_MODULES = YES;
				CLANG_ENABLE_OBJC_ARC = YES;
				CLANG_WARN_BLOCK_CAPTURE_AUTORELEASING = YES;
				CLANG_WARN_BOOL_CONVERSION = YES;
				CLANG_WARN_COMMA = YES;
				CLANG_WARN_CONSTANT_CONVERSION = YES;
				CLANG_WARN_DIRECT_OBJC_ISA_USAGE = YES_ERROR;
				CLANG_WARN_DOCUMENTATION_COMMENTS = YES;
				CLANG_WARN_EMPTY_BODY = YES;
				CLANG_WARN_ENUM_CONVERSION = YES;
				CLANG_WARN_INFINITE_RECURSION = YES;
				CLANG_WARN_INT_CONVERSION = YES;
				CLANG_WARN_NON_LITERAL_NULL_CONVERSION = YES;
				CLANG_WARN_OBJC_LITERAL_CONVERSION = YES;
				CLANG_WARN_OBJC_ROOT_CLASS = YES_ERROR;
				CLANG_WARN_RANGE_LOOP_ANALYSIS = YES;
				CLANG_WARN_STRICT_PROTOTYPES = YES;
				CLANG_WARN_SUSPICIOUS_MOVE = YES;
				CLANG_WARN_UNREACHABLE_CODE = YES;
				CLANG_WARN__DUPLICATE_METHOD_MATCH = YES;
				"CODE_SIGN_IDENTITY[sdk=iphoneos*]" = "iPhone Developer";
				COPY_PHASE_STRIP = NO;
				DEBUG_INFORMATION_FORMAT = dwarf;
				ENABLE_STRICT_OBJC_MSGSEND = YES;
				ENABLE_TESTABILITY = YES;
				GCC_C_LANGUAGE_STANDARD = gnu99;
				GCC_DYNAMIC_NO_PIC = NO;
				GCC_NO_COMMON_BLOCKS = YES;
				GCC_OPTIMIZATION_LEVEL = 0;
				GCC_PREPROCESSOR_DEFINITIONS = (
					"DEBUG=1",
					"$(inherited)",
				);
				GCC_WARN_64_TO_32_BIT_CONVERSION = YES;
				GCC_WARN_ABOUT_RETURN_TYPE = YES_ERROR;
				GCC_WARN_UNDECLARED_SELECTOR = YES;
				GCC_WARN_UNINITIALIZED_AUTOS = YES_AGGRESSIVE;
				GCC_WARN_UNUSED_FUNCTION = YES;
				GCC_WARN_UNUSED_VARIABLE = YES;
				IPHONEOS_DEPLOYMENT_TARGET = 10.3;
				MTL_ENABLE_DEBUG_INFO = YES;
				ONLY_ACTIVE_ARCH = YES;
				SDKROOT = iphoneos;
				SWIFT_ACTIVE_COMPILATION_CONDITIONS = DEBUG;
				SWIFT_OPTIMIZATION_LEVEL = "-Onone";
				TARGETED_DEVICE_FAMILY = "1,2";
			};
			name = Debug;
		};
		33461B061F26C6DC0094D72D /* Release */ = {
			isa = XCBuildConfiguration;
			buildSettings = {
				ALWAYS_SEARCH_USER_PATHS = NO;
				CLANG_ANALYZER_NONNULL = YES;
				CLANG_ANALYZER_NUMBER_OBJECT_CONVERSION = YES_AGGRESSIVE;
				CLANG_CXX_LANGUAGE_STANDARD = "gnu++0x";
				CLANG_CXX_LIBRARY = "libc++";
				CLANG_ENABLE_MODULES = YES;
				CLANG_ENABLE_OBJC_ARC = YES;
				CLANG_WARN_BLOCK_CAPTURE_AUTORELEASING = YES;
				CLANG_WARN_BOOL_CONVERSION = YES;
				CLANG_WARN_COMMA = YES;
				CLANG_WARN_CONSTANT_CONVERSION = YES;
				CLANG_WARN_DIRECT_OBJC_ISA_USAGE = YES_ERROR;
				CLANG_WARN_DOCUMENTATION_COMMENTS = YES;
				CLANG_WARN_EMPTY_BODY = YES;
				CLANG_WARN_ENUM_CONVERSION = YES;
				CLANG_WARN_INFINITE_RECURSION = YES;
				CLANG_WARN_INT_CONVERSION = YES;
				CLANG_WARN_NON_LITERAL_NULL_CONVERSION = YES;
				CLANG_WARN_OBJC_LITERAL_CONVERSION = YES;
				CLANG_WARN_OBJC_ROOT_CLASS = YES_ERROR;
				CLANG_WARN_RANGE_LOOP_ANALYSIS = YES;
				CLANG_WARN_STRICT_PROTOTYPES = YES;
				CLANG_WARN_SUSPICIOUS_MOVE = YES;
				CLANG_WARN_UNREACHABLE_CODE = YES;
				CLANG_WARN__DUPLICATE_METHOD_MATCH = YES;
				"CODE_SIGN_IDENTITY[sdk=iphoneos*]" = "iPhone Developer";
				COPY_PHASE_STRIP = NO;
				DEBUG_INFORMATION_FORMAT = "dwarf-with-dsym";
				ENABLE_NS_ASSERTIONS = NO;
				ENABLE_STRICT_OBJC_MSGSEND = YES;
				GCC_C_LANGUAGE_STANDARD = gnu99;
				GCC_NO_COMMON_BLOCKS = YES;
				GCC_WARN_64_TO_32_BIT_CONVERSION = YES;
				GCC_WARN_ABOUT_RETURN_TYPE = YES_ERROR;
				GCC_WARN_UNDECLARED_SELECTOR = YES;
				GCC_WARN_UNINITIALIZED_AUTOS = YES_AGGRESSIVE;
				GCC_WARN_UNUSED_FUNCTION = YES;
				GCC_WARN_UNUSED_VARIABLE = YES;
				IPHONEOS_DEPLOYMENT_TARGET = 10.3;
				MTL_ENABLE_DEBUG_INFO = NO;
				SDKROOT = iphoneos;
				SWIFT_OPTIMIZATION_LEVEL = "-Owholemodule";
				TARGETED_DEVICE_FAMILY = "1,2";
				VALIDATE_PRODUCT = YES;
			};
			name = Release;
		};
		33461B081F26C6DC0094D72D /* Debug */ = {
			isa = XCBuildConfiguration;
			buildSettings = {
				ASSETCATALOG_COMPILER_APPICON_NAME = AppIcon;
				DEVELOPMENT_TEAM = R22TDN5S64;
				INFOPLIST_FILE = "First part/Info.plist";
				IPHONEOS_DEPLOYMENT_TARGET = 10.3;
				LD_RUNPATH_SEARCH_PATHS = "$(inherited) @executable_path/Frameworks";
				PRODUCT_BUNDLE_IDENTIFIER = "Elie-Bizimana.First-part";
				PRODUCT_NAME = "$(TARGET_NAME)";
				SWIFT_SWIFT3_OBJC_INFERENCE = On;
				SWIFT_VERSION = 4.0;
			};
			name = Debug;
		};
		33461B091F26C6DC0094D72D /* Release */ = {
			isa = XCBuildConfiguration;
			buildSettings = {
				ASSETCATALOG_COMPILER_APPICON_NAME = AppIcon;
				DEVELOPMENT_TEAM = R22TDN5S64;
				INFOPLIST_FILE = "First part/Info.plist";
				IPHONEOS_DEPLOYMENT_TARGET = 10.3;
				LD_RUNPATH_SEARCH_PATHS = "$(inherited) @executable_path/Frameworks";
				PRODUCT_BUNDLE_IDENTIFIER = "Elie-Bizimana.First-part";
				PRODUCT_NAME = "$(TARGET_NAME)";
				SWIFT_SWIFT3_OBJC_INFERENCE = On;
				SWIFT_VERSION = 4.0;
			};
			name = Release;
		};
		33461B0B1F26C6DC0094D72D /* Debug */ = {
			isa = XCBuildConfiguration;
			buildSettings = {
				ALWAYS_EMBED_SWIFT_STANDARD_LIBRARIES = YES;
				BUNDLE_LOADER = "$(TEST_HOST)";
				INFOPLIST_FILE = "First partTests/Info.plist";
				LD_RUNPATH_SEARCH_PATHS = "$(inherited) @executable_path/Frameworks @loader_path/Frameworks";
				PRODUCT_BUNDLE_IDENTIFIER = "Elie-Bizimana.First-partTests";
				PRODUCT_NAME = "$(TARGET_NAME)";
				SWIFT_SWIFT3_OBJC_INFERENCE = On;
				SWIFT_VERSION = 4.0;
				TEST_HOST = "$(BUILT_PRODUCTS_DIR)/First part.app/First part";
			};
			name = Debug;
		};
		33461B0C1F26C6DC0094D72D /* Release */ = {
			isa = XCBuildConfiguration;
			buildSettings = {
				ALWAYS_EMBED_SWIFT_STANDARD_LIBRARIES = YES;
				BUNDLE_LOADER = "$(TEST_HOST)";
				INFOPLIST_FILE = "First partTests/Info.plist";
				LD_RUNPATH_SEARCH_PATHS = "$(inherited) @executable_path/Frameworks @loader_path/Frameworks";
				PRODUCT_BUNDLE_IDENTIFIER = "Elie-Bizimana.First-partTests";
				PRODUCT_NAME = "$(TARGET_NAME)";
				SWIFT_SWIFT3_OBJC_INFERENCE = On;
				SWIFT_VERSION = 4.0;
				TEST_HOST = "$(BUILT_PRODUCTS_DIR)/First part.app/First part";
			};
			name = Release;
		};
		33461B0E1F26C6DC0094D72D /* Debug */ = {
			isa = XCBuildConfiguration;
			buildSettings = {
				ALWAYS_EMBED_SWIFT_STANDARD_LIBRARIES = YES;
				INFOPLIST_FILE = "First partUITests/Info.plist";
				LD_RUNPATH_SEARCH_PATHS = "$(inherited) @executable_path/Frameworks @loader_path/Frameworks";
				PRODUCT_BUNDLE_IDENTIFIER = "Elie-Bizimana.First-partUITests";
				PRODUCT_NAME = "$(TARGET_NAME)";
				SWIFT_SWIFT3_OBJC_INFERENCE = On;
				SWIFT_VERSION = 4.0;
				TEST_TARGET_NAME = "First part";
			};
			name = Debug;
		};
		33461B0F1F26C6DC0094D72D /* Release */ = {
			isa = XCBuildConfiguration;
			buildSettings = {
				ALWAYS_EMBED_SWIFT_STANDARD_LIBRARIES = YES;
				INFOPLIST_FILE = "First partUITests/Info.plist";
				LD_RUNPATH_SEARCH_PATHS = "$(inherited) @executable_path/Frameworks @loader_path/Frameworks";
				PRODUCT_BUNDLE_IDENTIFIER = "Elie-Bizimana.First-partUITests";
				PRODUCT_NAME = "$(TARGET_NAME)";
				SWIFT_SWIFT3_OBJC_INFERENCE = On;
				SWIFT_VERSION = 4.0;
				TEST_TARGET_NAME = "First part";
			};
			name = Release;
		};
/* End XCBuildConfiguration section */

/* Begin XCConfigurationList section */
		33461AD81F26C6DC0094D72D /* Build configuration list for PBXProject "First part" */ = {
			isa = XCConfigurationList;
			buildConfigurations = (
				33461B051F26C6DC0094D72D /* Debug */,
				33461B061F26C6DC0094D72D /* Release */,
			);
			defaultConfigurationIsVisible = 0;
			defaultConfigurationName = Release;
		};
		33461B071F26C6DC0094D72D /* Build configuration list for PBXNativeTarget "First part" */ = {
			isa = XCConfigurationList;
			buildConfigurations = (
				33461B081F26C6DC0094D72D /* Debug */,
				33461B091F26C6DC0094D72D /* Release */,
			);
			defaultConfigurationIsVisible = 0;
			defaultConfigurationName = Release;
		};
		33461B0A1F26C6DC0094D72D /* Build configuration list for PBXNativeTarget "First partTests" */ = {
			isa = XCConfigurationList;
			buildConfigurations = (
				33461B0B1F26C6DC0094D72D /* Debug */,
				33461B0C1F26C6DC0094D72D /* Release */,
			);
			defaultConfigurationIsVisible = 0;
			defaultConfigurationName = Release;
		};
		33461B0D1F26C6DC0094D72D /* Build configuration list for PBXNativeTarget "First partUITests" */ = {
			isa = XCConfigurationList;
			buildConfigurations = (
				33461B0E1F26C6DC0094D72D /* Debug */,
				33461B0F1F26C6DC0094D72D /* Release */,
			);
			defaultConfigurationIsVisible = 0;
			defaultConfigurationName = Release;
		};
/* End XCConfigurationList section */
	};
	rootObject = 33461AD51F26C6DC0094D72D /* Project object */;
}
